
Microsoft Visual Studio Solution File, Format Version 12.00
# Visual Studio Version 16
VisualStudioVersion = 16.0.28705.295
MinimumVisualStudioVersion = 10.0.40219.1
Project("{9A19103F-16F7-4668-BE54-9A1E7A4F7556}") = "StringEnums", "StringEnums\StringEnums.csproj", "{5CCCCEF5-5D7B-4D7B-955E-27E9CEEA9269}"
EndProject
Project("{9A19103F-16F7-4668-BE54-9A1E7A4F7556}") = "StringEnums.Tests", "StringEnums.Tests\StringEnums.Tests.csproj", "{B9FAD3B4-B31E-4C22-ABA9-BC4AE419CFEA}"
EndProject
Project("{2150E333-8FDC-42A3-9474-1A3956D46DE8}") = "Solution Items", "Solution Items", "{909EBBD6-5681-4769-B7E5-C1D6300A0E0F}"
	ProjectSection(SolutionItems) = preProject
		appveyor.yml = appveyor.yml
		README.md = README.md
		~\update.ps1 = ~\update.ps1
	EndProjectSection
EndProject
Global
	GlobalSection(SolutionConfigurationPlatforms) = preSolution
		Debug|Any CPU = Debug|Any CPU
		Release|Any CPU = Release|Any CPU
	EndGlobalSection
	GlobalSection(ProjectConfigurationPlatforms) = postSolution
		{5CCCCEF5-5D7B-4D7B-955E-27E9CEEA9269}.Debug|Any CPU.ActiveCfg = Debug|Any CPU
		{5CCCCEF5-5D7B-4D7B-955E-27E9CEEA9269}.Debug|Any CPU.Build.0 = Debug|Any CPU
		{5CCCCEF5-5D7B-4D7B-955E-27E9CEEA9269}.Release|Any CPU.ActiveCfg = Release|Any CPU
		{5CCCCEF5-5D7B-4D7B-955E-27E9CEEA9269}.Release|Any CPU.Build.0 = Release|Any CPU
		{B9FAD3B4-B31E-4C22-ABA9-BC4AE419CFEA}.Debug|Any CPU.ActiveCfg = Debug|Any CPU
		{B9FAD3B4-B31E-4C22-ABA9-BC4AE419CFEA}.Debug|Any CPU.Build.0 = Debug|Any CPU
		{B9FAD3B4-B31E-4C22-ABA9-BC4AE419CFEA}.Release|Any CPU.ActiveCfg = Release|Any CPU
		{B9FAD3B4-B31E-4C22-ABA9-BC4AE419CFEA}.Release|Any CPU.Build.0 = Release|Any CPU
	EndGlobalSection
	GlobalSection(SolutionProperties) = preSolution
		HideSolutionNode = FALSE
	EndGlobalSection
	GlobalSection(ExtensibilityGlobals) = postSolution
		SolutionGuid = {759E69DF-8530-40F5-BA8A-0BDDFCCFB641}
	EndGlobalSection
EndGlobal
